
Microsoft Visual Studio Solution File, Format Version 12.00
# Visual Studio 15
Project("{FAE04EC0-301F-11D3-BF4B-00C04F79EFBC}") = "Unity.Timeline", "Unity.Timeline.csproj", "{199DA635-7BC1-335E-9463-2677DDEA5FE6}"
EndProject
Project("{FAE04EC0-301F-11D3-BF4B-00C04F79EFBC}") = "Unity.RenderPipelines.GPUDriven.Runtime", "Unity.RenderPipelines.GPUDriven.Runtime.csproj", "{52F97013-BA6B-A4BF-69D1-762869B6E263}"
EndProject
Project("{FAE04EC0-301F-11D3-BF4B-00C04F79EFBC}") = "Unity.PlasticSCM.Editor", "Unity.PlasticSCM.Editor.csproj", "{B1B0AC08-7053-CF18-B533-36C79CA47197}"
EndProject
Project("{FAE04EC0-301F-11D3-BF4B-00C04F79EFBC}") = "Unity.2D.Aseprite.Editor", "Unity.2D.Aseprite.Editor.csproj", "{8F76C02F-4AE7-5DAF-60D1-89113A08B4D9}"
EndProject
Project("{FAE04EC0-301F-11D3-BF4B-00C04F79EFBC}") = "Unity.ShaderGraph.Editor", "Unity.ShaderGraph.Editor.csproj", "{1ED2B707-90CE-4FF5-B5D1-51A3F9BFC4E5}"
EndProject
Project("{FAE04EC0-301F-11D3-BF4B-00C04F79EFBC}") = "Unity.RenderPipelines.Core.Runtime", "Unity.RenderPipelines.Core.Runtime.csproj", "{6051351A-AC2C-69B6-E337-903057D0D3BC}"
EndProject
Project("{FAE04EC0-301F-11D3-BF4B-00C04F79EFBC}") = "Unity.Mathematics", "Unity.Mathematics.csproj", "{D666876F-0C55-580D-62E8-C3622AD8F741}"
EndProject
Project("{FAE04EC0-301F-11D3-BF4B-00C04F79EFBC}") = "Unity.Timeline.Editor", "Unity.Timeline.Editor.csproj", "{B0F005F4-2CD5-1552-F40D-E180ED7A3983}"
EndProject
Project("{FAE04EC0-301F-11D3-BF4B-00C04F79EFBC}") = "Unity.Multiplayer.Center.Editor", "Unity.Multiplayer.Center.Editor.csproj", "{BAE03624-B237-3B79-7F00-696A9A3D8994}"
EndProject
Project("{FAE04EC0-301F-11D3-BF4B-00C04F79EFBC}") = "Unity.RenderPipelines.Core.Editor", "Unity.RenderPipelines.Core.Editor.csproj", "{D3D7C16C-0FF7-5D94-EA4A-196F82A6005E}"
EndProject
Project("{FAE04EC0-301F-11D3-BF4B-00C04F79EFBC}") = "Unity.2D.Psdimporter.Editor", "Unity.2D.Psdimporter.Editor.csproj", "{8829C790-556F-ED44-3275-C42E4A6A4D7F}"
EndProject
Project("{FAE04EC0-301F-11D3-BF4B-00C04F79EFBC}") = "UnityEngine.UI", "UnityEngine.UI.csproj", "{C019A418-9442-D0E4-B5D3-130A8469D75B}"
EndProject
Project("{FAE04EC0-301F-11D3-BF4B-00C04F79EFBC}") = "Unity.2D.IK.Runtime", "Unity.2D.IK.Runtime.csproj", "{C2F2D1F2-DD5A-0C40-23FC-35A610AE3E64}"
EndProject
Project("{FAE04EC0-301F-11D3-BF4B-00C04F79EFBC}") = "Unity.RenderPipelines.Universal.2D.Runtime", "Unity.RenderPipelines.Universal.2D.Runtime.csproj", "{B380617C-9A4A-9711-E9EC-0FAE89E66FA2}"
EndProject
Project("{FAE04EC0-301F-11D3-BF4B-00C04F79EFBC}") = "Unity.Collections", "Unity.Collections.csproj", "{AD29BC5B-05CF-2019-CEE4-3EBD0FD96E3B}"
EndProject
Project("{FAE04EC0-301F-11D3-BF4B-00C04F79EFBC}") = "Unity.VisualScripting.Core.Editor", "Unity.VisualScripting.Core.Editor.csproj", "{48E0CAC7-2D6A-CE9C-7B4A-C38DEDCD86E4}"
EndProject
Project("{FAE04EC0-301F-11D3-BF4B-00C04F79EFBC}") = "Unity.RenderPipelines.Universal.Editor", "Unity.RenderPipelines.Universal.Editor.csproj", "{EFF6AF1E-38E7-F2F4-B6D5-0D9A128D0FDA}"
EndProject
Project("{FAE04EC0-301F-11D3-BF4B-00C04F79EFBC}") = "Unity.PerformanceTesting.Editor", "Unity.PerformanceTesting.Editor.csproj", "{13775ED2-1AC5-825F-1ECF-1CDD604C86C2}"
EndProject
Project("{FAE04EC0-301F-11D3-BF4B-00C04F79EFBC}") = "UnityEngine.TestRunner", "UnityEngine.TestRunner.csproj", "{1CC24A36-D571-B43E-CF81-A22F3768AEDB}"
EndProject
Project("{FAE04EC0-301F-11D3-BF4B-00C04F79EFBC}") = "Unity.2D.Tilemap.Editor", "Unity.2D.Tilemap.Editor.csproj", "{85BD5504-7833-0BBE-39DB-E4FBA981ADA9}"
EndProject
Project("{FAE04EC0-301F-11D3-BF4B-00C04F79EFBC}") = "Unity.Burst", "Unity.Burst.csproj", "{89D53C3A-BF87-E2D1-869C-E38D861736DA}"
EndProject
Project("{FAE04EC0-301F-11D3-BF4B-00C04F79EFBC}") = "Unity.VisualScripting.Flow.Editor", "Unity.VisualScripting.Flow.Editor.csproj", "{5319EE17-7BC7-6DB0-86AF-2759226C7723}"
EndProject
Project("{FAE04EC0-301F-11D3-BF4B-00C04F79EFBC}") = "Unity.2D.SpriteShape.Editor", "Unity.2D.SpriteShape.Editor.csproj", "{BB076408-D6FC-2451-9C00-726BD641F7CA}"
EndProject
Project("{FAE04EC0-301F-11D3-BF4B-00C04F79EFBC}") = "Unity.VisualStudio.Editor", "Unity.VisualStudio.Editor.csproj", "{3B06D2FD-D653-0C2D-B6D5-D7B672C33892}"
EndProject
Project("{FAE04EC0-301F-11D3-BF4B-00C04F79EFBC}") = "Unity.InputSystem", "Unity.InputSystem.csproj", "{1B6C6F82-19EA-CB6C-BB20-1A0E77787AEE}"
EndProject
Project("{FAE04EC0-301F-11D3-BF4B-00C04F79EFBC}") = "PPv2URPConverters", "PPv2URPConverters.csproj", "{6824C660-66C9-0E04-9404-99450513F300}"
EndProject
Project("{FAE04EC0-301F-11D3-BF4B-00C04F79EFBC}") = "Unity.2D.Animation.Editor", "Unity.2D.Animation.Editor.csproj", "{FC3FA935-1CD9-896A-1EAD-9C9F534B6A63}"
EndProject
Project("{FAE04EC0-301F-11D3-BF4B-00C04F79EFBC}") = "Unity.Searcher.Editor", "Unity.Searcher.Editor.csproj", "{C0F03798-1732-C4A5-7E10-8F16FDD1E5C0}"
EndProject
Project("{FAE04EC0-301F-11D3-BF4B-00C04F79EFBC}") = "Unity.2D.SpriteShape.Runtime", "Unity.2D.SpriteShape.Runtime.csproj", "{4087420A-4594-9B8E-2D44-C97992BBD6DE}"
EndProject
Project("{FAE04EC0-301F-11D3-BF4B-00C04F79EFBC}") = "UnityEditor.TestRunner", "UnityEditor.TestRunner.csproj", "{E15C9A77-A73D-319F-C504-2A9607841C46}"
EndProject
Project("{FAE04EC0-301F-11D3-BF4B-00C04F79EFBC}") = "Unity.VisualScripting.Core", "Unity.VisualScripting.Core.csproj", "{3F6326F8-DA6A-2098-2CB2-CF85A4BC04EC}"
EndProject
Project("{FAE04EC0-301F-11D3-BF4B-00C04F79EFBC}") = "Unity.RenderPipelines.Universal.Runtime", "Unity.RenderPipelines.Universal.Runtime.csproj", "{18D0AE69-713D-9378-8A5F-E6812357F161}"
EndProject
Project("{FAE04EC0-301F-11D3-BF4B-00C04F79EFBC}") = "Unity.VisualScripting.State.Editor", "Unity.VisualScripting.State.Editor.csproj", "{3A82D01C-344E-F1C9-4281-D3AA8A05AAAB}"
EndProject
Project("{FAE04EC0-301F-11D3-BF4B-00C04F79EFBC}") = "Unity.Burst.CodeGen", "Unity.Burst.CodeGen.csproj", "{BE6C3D79-DBE6-E18D-242A-317B02DCDC1B}"
EndProject
Project("{FAE04EC0-301F-11D3-BF4B-00C04F79EFBC}") = "Unity.VisualScripting.Flow", "Unity.VisualScripting.Flow.csproj", "{8196AE8F-7D2F-C5AD-6333-846DA5161BAE}"
EndProject
Project("{FAE04EC0-301F-11D3-BF4B-00C04F79EFBC}") = "Unity.PerformanceTesting", "Unity.PerformanceTesting.csproj", "{C0F2843C-5B75-2E32-CEF8-730D72A4199D}"
EndProject
Project("{FAE04EC0-301F-11D3-BF4B-00C04F79EFBC}") = "Unity.2D.Tilemap.Extras.Editor", "Unity.2D.Tilemap.Extras.Editor.csproj", "{BA700687-8166-D579-A483-7D962F4EDE60}"
EndProject
Project("{FAE04EC0-301F-11D3-BF4B-00C04F79EFBC}") = "Unity.TextMeshPro", "Unity.TextMeshPro.csproj", "{923A515D-B41C-9533-D427-B349FC5A199E}"
EndProject
Project("{FAE04EC0-301F-11D3-BF4B-00C04F79EFBC}") = "Unity.TextMeshPro.Editor", "Unity.TextMeshPro.Editor.csproj", "{474CF363-4CE3-59BD-F6D2-D12E75CB4D33}"
EndProject
Project("{FAE04EC0-301F-11D3-BF4B-00C04F79EFBC}") = "Unity.Rendering.LightTransport.Runtime", "Unity.Rendering.LightTransport.Runtime.csproj", "{0C5BB7DA-378F-6BDC-9AF0-3E454971CD33}"
EndProject
Project("{FAE04EC0-301F-11D3-BF4B-00C04F79EFBC}") = "PsdPlugin", "PsdPlugin.csproj", "{9EBAA638-7BFF-2D88-9A78-B8249E80693E}"
EndProject
Project("{FAE04EC0-301F-11D3-BF4B-00C04F79EFBC}") = "Unity.2D.IK.Editor", "Unity.2D.IK.Editor.csproj", "{377BC4CF-A919-C96C-E380-73CF62D266DB}"
EndProject
Project("{FAE04EC0-301F-11D3-BF4B-00C04F79EFBC}") = "Unity.InternalAPIEngineBridge.001", "Unity.InternalAPIEngineBridge.001.csproj", "{AC46B7AC-A4E2-6AA5-B360-3845F872BB37}"
EndProject
Project("{FAE04EC0-301F-11D3-BF4B-00C04F79EFBC}") = "Unity.2D.Aseprite.Common", "Unity.2D.Aseprite.Common.csproj", "{B08C1B32-0621-D5A8-5D1C-1EAA90A59702}"
EndProject
Project("{FAE04EC0-301F-11D3-BF4B-00C04F79EFBC}") = "Unity.Burst.Editor", "Unity.Burst.Editor.csproj", "{A2121220-FE8B-67D0-37D2-CB2193187B52}"
EndProject
Project("{FAE04EC0-301F-11D3-BF4B-00C04F79EFBC}") = "Unity.2D.Common.Path.Editor", "Unity.2D.Common.Path.Editor.csproj", "{051B3B5E-8733-B676-D28E-B4CC9907CF4B}"
EndProject
Project("{FAE04EC0-301F-11D3-BF4B-00C04F79EFBC}") = "Unity.2D.Common.Editor", "Unity.2D.Common.Editor.csproj", "{52CB7C46-1F49-2D02-C9C4-B521A463A106}"
EndProject
Project("{FAE04EC0-301F-11D3-BF4B-00C04F79EFBC}") = "Unity.Rider.Editor", "Unity.Rider.Editor.csproj", "{9727206B-ADD7-F2E5-ECDD-E830F1AF3954}"
EndProject
Project("{FAE04EC0-301F-11D3-BF4B-00C04F79EFBC}") = "Unity.VisualScripting.State", "Unity.VisualScripting.State.csproj", "{FC1F2FE4-83E6-260F-D52C-2FE2BFDE3AB2}"
EndProject
Project("{FAE04EC0-301F-11D3-BF4B-00C04F79EFBC}") = "Unity.InternalAPIEditorBridge.001", "Unity.InternalAPIEditorBridge.001.csproj", "{107AE432-06E2-60FB-783F-B2E1FF111A88}"
EndProject
Project("{FAE04EC0-301F-11D3-BF4B-00C04F79EFBC}") = "UnityEditor.UI", "UnityEditor.UI.csproj", "{92556A36-4DE1-6F6E-6F82-EEBB817CA228}"
EndProject
Project("{FAE04EC0-301F-11D3-BF4B-00C04F79EFBC}") = "Assembly-CSharp", "Assembly-CSharp.csproj", "{24F071D6-982C-8FC3-597F-F1B8DA7044AD}"
EndProject
Project("{FAE04EC0-301F-11D3-BF4B-00C04F79EFBC}") = "Unity.2D.Sprite.Editor", "Unity.2D.Sprite.Editor.csproj", "{8E69C313-86FD-0A70-CAF9-DCCC72CC4576}"
EndProject
Project("{FAE04EC0-301F-11D3-BF4B-00C04F79EFBC}") = "Unity.Multiplayer.Center.Common", "Unity.Multiplayer.Center.Common.csproj", "{EAFFE9A9-085C-2260-61D0-C6B295604B81}"
EndProject
Project("{FAE04EC0-301F-11D3-BF4B-00C04F79EFBC}") = "Unity.InputSystem.ForUI", "Unity.InputSystem.ForUI.csproj", "{4186B23D-2AC5-4F3E-E731-0459D94D4471}"
EndProject
Project("{FAE04EC0-301F-11D3-BF4B-00C04F79EFBC}") = "Unity.Collections.CodeGen", "Unity.Collections.CodeGen.csproj", "{6E310F35-0BE3-49B1-4882-EDBB8CC99926}"
EndProject
Project("{FAE04EC0-301F-11D3-BF4B-00C04F79EFBC}") = "Unity.2D.Tilemap.Extras", "Unity.2D.Tilemap.Extras.csproj", "{753D78E0-641B-B1D6-8676-DEC4E6AD4324}"
EndProject
Project("{FAE04EC0-301F-11D3-BF4B-00C04F79EFBC}") = "Unity.2D.Animation.Runtime", "Unity.2D.Animation.Runtime.csproj", "{F8D3D5F7-7DE4-848D-17A2-A5613481A92E}"
EndProject
Project("{FAE04EC0-301F-11D3-BF4B-00C04F79EFBC}") = "Unity.Mathematics.Editor", "Unity.Mathematics.Editor.csproj", "{E70652BE-05D4-BDD3-A3AD-AA130FFBF6B0}"
EndProject
Project("{FAE04EC0-301F-11D3-BF4B-00C04F79EFBC}") = "Unity.VisualScripting.SettingsProvider.Editor", "Unity.VisualScripting.SettingsProvider.Editor.csproj", "{D33C6A98-4173-C042-F045-FDED16C847E4}"
EndProject
Project("{FAE04EC0-301F-11D3-BF4B-00C04F79EFBC}") = "Unity.InputSystem.TestFramework", "Unity.InputSystem.TestFramework.csproj", "{DAE02B4E-69C2-FD20-11A0-5B944380ECF0}"
EndProject
Project("{FAE04EC0-301F-11D3-BF4B-00C04F79EFBC}") = "Unity.CollabProxy.Editor", "Unity.CollabProxy.Editor.csproj", "{27CFD2C7-1E00-741C-6D0E-6ADEEE302E32}"
EndProject
Project("{FAE04EC0-301F-11D3-BF4B-00C04F79EFBC}") = "Unity.ShaderGraph.Utilities", "Unity.ShaderGraph.Utilities.csproj", "{9B549D3B-AFAA-0D07-0579-02887D1AA1C4}"
EndProject
Project("{FAE04EC0-301F-11D3-BF4B-00C04F79EFBC}") = "Unity.VisualScripting.Shared.Editor", "Unity.VisualScripting.Shared.Editor.csproj", "{7A613A2A-1BF9-E047-71FE-10B880426446}"
EndProject
Project("{FAE04EC0-301F-11D3-BF4B-00C04F79EFBC}") = "Unity.RenderPipeline.Universal.ShaderLibrary", "Unity.RenderPipeline.Universal.ShaderLibrary.csproj", "{E38BABC5-F6D8-2261-95AC-A0950F1A98E7}"
EndProject
Project("{FAE04EC0-301F-11D3-BF4B-00C04F79EFBC}") = "Unity.2D.Common.Runtime", "Unity.2D.Common.Runtime.csproj", "{3A8F6654-2BAE-CF6E-0EA9-20CB59D50CCB}"
EndProject
Project("{FAE04EC0-301F-11D3-BF4B-00C04F79EFBC}") = "Unity.Rendering.LightTransport.Editor", "Unity.Rendering.LightTransport.Editor.csproj", "{C6DB97A5-185B-DF20-98A3-1626EFD4D678}"
EndProject
Project("{FAE04EC0-301F-11D3-BF4B-00C04F79EFBC}") = "Unity.InputSystem.DocCodeSamples", "Unity.InputSystem.DocCodeSamples.csproj", "{5F52EE01-DCB2-6EF8-E222-49CDFA5FD7CA}"
EndProject
Project("{FAE04EC0-301F-11D3-BF4B-00C04F79EFBC}") = "Unity.RenderPipelines.Universal.Shaders", "Unity.RenderPipelines.Universal.Shaders.csproj", "{EC6BC64F-6BDF-3690-4842-11DE1A911CF1}"
EndProject
Project("{FAE04EC0-301F-11D3-BF4B-00C04F79EFBC}") = "Unity.RenderPipelines.Core.Runtime.Shared", "Unity.RenderPipelines.Core.Runtime.Shared.csproj", "{C6441900-6FCB-5191-C655-ADA695B76C53}"
EndProject
Project("{FAE04EC0-301F-11D3-BF4B-00C04F79EFBC}") = "ScriptablePacker", "ScriptablePacker.csproj", "{2E692235-3FFD-F954-E8C9-50C2C88AFA43}"
EndProject
Project("{FAE04EC0-301F-11D3-BF4B-00C04F79EFBC}") = "Unity.PlasticSCM.Editor.Entities", "Unity.PlasticSCM.Editor.Entities.csproj", "{E16B36DA-B887-1C9F-835F-6752C752DB1D}"
EndProject
Project("{FAE04EC0-301F-11D3-BF4B-00C04F79EFBC}") = "Unity.Collections.Editor", "Unity.Collections.Editor.csproj", "{BCD1BE2A-4A41-D05E-5BD4-20276A425AA7}"
EndProject
Project("{FAE04EC0-301F-11D3-BF4B-00C04F79EFBC}") = "Unity.RenderPipelines.Universal.Config.Runtime", "Unity.RenderPipelines.Universal.Config.Runtime.csproj", "{C2874443-EC7B-8378-7041-49822AD573A7}"
EndProject
Project("{FAE04EC0-301F-11D3-BF4B-00C04F79EFBC}") = "Unity.RenderPipelines.ShaderGraph.ShaderGraphLibrary", "Unity.RenderPipelines.ShaderGraph.ShaderGraphLibrary.csproj", "{E8BDE142-89C0-0B98-13F5-4A59D4FD8821}"
EndProject
Project("{FAE04EC0-301F-11D3-BF4B-00C04F79EFBC}") = "Unity.RenderPipelines.Core.ShaderLibrary", "Unity.RenderPipelines.Core.ShaderLibrary.csproj", "{911D8910-9D4B-EA31-C195-9C9A98151B38}"
EndProject
Project("{FAE04EC0-301F-11D3-BF4B-00C04F79EFBC}") = "Unity.RenderPipelines.Core.Editor.Shared", "Unity.RenderPipelines.Core.Editor.Shared.csproj", "{ED2A308A-44D5-4F0F-4DC8-58EE0BF31C64}"
EndProject
Project("{FAE04EC0-301F-11D3-BF4B-00C04F79EFBC}") = "Unity.Timeline", "Unity.Timeline.Player.csproj", "{414F257B-A6DC-063B-121E-78D1A13A61A7}"
EndProject
Project("{FAE04EC0-301F-11D3-BF4B-00C04F79EFBC}") = "Unity.RenderPipelines.GPUDriven.Runtime", "Unity.RenderPipelines.GPUDriven.Runtime.Player.csproj", "{A56E17DC-B50C-B168-C26C-25275F80EC70}"
EndProject
Project("{FAE04EC0-301F-11D3-BF4B-00C04F79EFBC}") = "Unity.RenderPipelines.Core.Runtime", "Unity.RenderPipelines.Core.Runtime.Player.csproj", "{34FAAA66-2AB8-B37F-5F44-F7DE69B18004}"
EndProject
Project("{FAE04EC0-301F-11D3-BF4B-00C04F79EFBC}") = "Unity.Mathematics", "Unity.Mathematics.Player.csproj", "{5CB6E4A7-E94F-4D86-BE4E-ADDE48D8DE65}"
EndProject
Project("{FAE04EC0-301F-11D3-BF4B-00C04F79EFBC}") = "UnityEngine.UI", "UnityEngine.UI.Player.csproj", "{FFCEE79A-BBE5-D12C-3D8C-F7143D16DA07}"
EndProject
Project("{FAE04EC0-301F-11D3-BF4B-00C04F79EFBC}") = "Unity.2D.IK.Runtime", "Unity.2D.IK.Runtime.Player.csproj", "{DC4892EA-0DC8-853C-32FA-D69141D77199}"
EndProject
Project("{FAE04EC0-301F-11D3-BF4B-00C04F79EFBC}") = "Unity.RenderPipelines.Universal.2D.Runtime", "Unity.RenderPipelines.Universal.2D.Runtime.Player.csproj", "{BF2B5E61-C71F-71B5-DD75-05BE30BBED0E}"
EndProject
Project("{FAE04EC0-301F-11D3-BF4B-00C04F79EFBC}") = "Unity.Collections", "Unity.Collections.Player.csproj", "{F04D7464-5F9E-44A0-B723-7DB87AF4B083}"
EndProject
Project("{FAE04EC0-301F-11D3-BF4B-00C04F79EFBC}") = "UnityEngine.TestRunner", "UnityEngine.TestRunner.Player.csproj", "{300DADA2-449E-9695-D63A-ACE3280B9B33}"
EndProject
Project("{FAE04EC0-301F-11D3-BF4B-00C04F79EFBC}") = "Unity.Burst", "Unity.Burst.Player.csproj", "{7FD6E315-9E88-0073-1541-6B483BD90FE3}"
EndProject
Project("{FAE04EC0-301F-11D3-BF4B-00C04F79EFBC}") = "Unity.InputSystem", "Unity.InputSystem.Player.csproj", "{5D502F59-4A12-68AA-882C-02D9906EBBF7}"
EndProject
Project("{FAE04EC0-301F-11D3-BF4B-00C04F79EFBC}") = "Unity.2D.SpriteShape.Runtime", "Unity.2D.SpriteShape.Runtime.Player.csproj", "{64CCA0D2-A76E-A5BD-F482-16F4D2F1FBA6}"
EndProject
Project("{FAE04EC0-301F-11D3-BF4B-00C04F79EFBC}") = "Unity.VisualScripting.Core", "Unity.VisualScripting.Core.Player.csproj", "{30438432-775A-95C8-7D58-1F1383149441}"
EndProject
Project("{FAE04EC0-301F-11D3-BF4B-00C04F79EFBC}") = "Unity.RenderPipelines.Universal.Runtime", "Unity.RenderPipelines.Universal.Runtime.Player.csproj", "{0C37C141-93BC-AF00-5A20-2E0091EDC3D3}"
EndProject
Project("{FAE04EC0-301F-11D3-BF4B-00C04F79EFBC}") = "Unity.VisualScripting.Flow", "Unity.VisualScripting.Flow.Player.csproj", "{D1A87A9C-CD2A-F036-9654-222548639A3E}"
EndProject
Project("{FAE04EC0-301F-11D3-BF4B-00C04F79EFBC}") = "Unity.PerformanceTesting", "Unity.PerformanceTesting.Player.csproj", "{0449C491-C52D-4A34-9BA6-B0965205EA6A}"
EndProject
Project("{FAE04EC0-301F-11D3-BF4B-00C04F79EFBC}") = "Unity.TextMeshPro", "Unity.TextMeshPro.Player.csproj", "{82DB70F1-968B-C236-F44E-8BF6B205A62A}"
EndProject
Project("{FAE04EC0-301F-11D3-BF4B-00C04F79EFBC}") = "Unity.Rendering.LightTransport.Runtime", "Unity.Rendering.LightTransport.Runtime.Player.csproj", "{783ADB9B-07CB-2C05-3542-6BE7BB18381E}"
EndProject
Project("{FAE04EC0-301F-11D3-BF4B-00C04F79EFBC}") = "Unity.InternalAPIEngineBridge.001", "Unity.InternalAPIEngineBridge.001.Player.csproj", "{BA392269-93D1-FC16-9C1D-40F1DD0630C4}"
EndProject
Project("{FAE04EC0-301F-11D3-BF4B-00C04F79EFBC}") = "Unity.VisualScripting.State", "Unity.VisualScripting.State.Player.csproj", "{3C4DE46F-2D40-DBD1-393C-8B75F1CE0C7E}"
EndProject
Project("{FAE04EC0-301F-11D3-BF4B-00C04F79EFBC}") = "Assembly-CSharp", "Assembly-CSharp.Player.csproj", "{24019E4D-E76D-787C-A0EC-5EFF0E4E822B}"
EndProject
Project("{FAE04EC0-301F-11D3-BF4B-00C04F79EFBC}") = "Unity.Multiplayer.Center.Common", "Unity.Multiplayer.Center.Common.Player.csproj", "{F7EBA12F-BD49-980A-490B-B094003325BD}"
EndProject
Project("{FAE04EC0-301F-11D3-BF4B-00C04F79EFBC}") = "Unity.InputSystem.ForUI", "Unity.InputSystem.ForUI.Player.csproj", "{E0CB2847-B934-4E66-CD80-1121B14D4F1F}"
EndProject
Project("{FAE04EC0-301F-11D3-BF4B-00C04F79EFBC}") = "Unity.2D.Tilemap.Extras", "Unity.2D.Tilemap.Extras.Player.csproj", "{BB74ABE8-4897-6ECE-AE59-E2751DC2165B}"
EndProject
Project("{FAE04EC0-301F-11D3-BF4B-00C04F79EFBC}") = "Unity.2D.Animation.Runtime", "Unity.2D.Animation.Runtime.Player.csproj", "{67A7DFA3-D759-5A90-61E9-D9F10E54A3ED}"
EndProject
Project("{FAE04EC0-301F-11D3-BF4B-00C04F79EFBC}") = "Unity.InputSystem.TestFramework", "Unity.InputSystem.TestFramework.Player.csproj", "{FF292C07-025E-8782-978B-A6EEBAD94894}"
EndProject
Project("{FAE04EC0-301F-11D3-BF4B-00C04F79EFBC}") = "Unity.RenderPipeline.Universal.ShaderLibrary", "Unity.RenderPipeline.Universal.ShaderLibrary.Player.csproj", "{CC2C5BD2-7DC8-EF2B-0A2E-43CC92DAB92D}"
EndProject
Project("{FAE04EC0-301F-11D3-BF4B-00C04F79EFBC}") = "Unity.2D.Common.Runtime", "Unity.2D.Common.Runtime.Player.csproj", "{FEF7F7B3-9BA9-6A69-8381-0A69E7D7823F}"
EndProject
Project("{FAE04EC0-301F-11D3-BF4B-00C04F79EFBC}") = "Unity.RenderPipelines.Universal.Shaders", "Unity.RenderPipelines.Universal.Shaders.Player.csproj", "{7481AAA2-42CF-42AE-2DDD-896E7590F6F0}"
EndProject
Project("{FAE04EC0-301F-11D3-BF4B-00C04F79EFBC}") = "Unity.RenderPipelines.Core.Runtime.Shared", "Unity.RenderPipelines.Core.Runtime.Shared.Player.csproj", "{F400FFEC-D4A6-586D-3CFD-947890E4C1FC}"
EndProject
Project("{FAE04EC0-301F-11D3-BF4B-00C04F79EFBC}") = "Unity.RenderPipelines.Universal.Config.Runtime", "Unity.RenderPipelines.Universal.Config.Runtime.Player.csproj", "{0C493E76-A10B-5F48-BE01-F69E179EFF82}"
EndProject
Project("{FAE04EC0-301F-11D3-BF4B-00C04F79EFBC}") = "Unity.RenderPipelines.ShaderGraph.ShaderGraphLibrary", "Unity.RenderPipelines.ShaderGraph.ShaderGraphLibrary.Player.csproj", "{08DA9377-5048-503C-618A-93148F565FB9}"
EndProject
Project("{FAE04EC0-301F-11D3-BF4B-00C04F79EFBC}") = "Unity.RenderPipelines.Core.ShaderLibrary", "Unity.RenderPipelines.Core.ShaderLibrary.Player.csproj", "{A9A2D3C5-525C-D561-3865-00C2A00494E2}"
EndProject
Global
	GlobalSection(SolutionConfigurationPlatforms) = preSolution
		Debug|Any CPU = Debug|Any CPU
		Release|Any CPU = Release|Any CPU
	EndGlobalSection
	GlobalSection(ProjectConfigurationPlatforms) = postSolution
		{199DA635-7BC1-335E-9463-2677DDEA5FE6}.Debug|Any CPU.ActiveCfg = Debug|Any CPU
		{199DA635-7BC1-335E-9463-2677DDEA5FE6}.Debug|Any CPU.Build.0 = Debug|Any CPU
		{199DA635-7BC1-335E-9463-2677DDEA5FE6}.Release|Any CPU.ActiveCfg = Release|Any CPU
		{199DA635-7BC1-335E-9463-2677DDEA5FE6}.Release|Any CPU.Build.0 = Release|Any CPU
		{52F97013-BA6B-A4BF-69D1-762869B6E263}.Debug|Any CPU.ActiveCfg = Debug|Any CPU
		{52F97013-BA6B-A4BF-69D1-762869B6E263}.Debug|Any CPU.Build.0 = Debug|Any CPU
		{52F97013-BA6B-A4BF-69D1-762869B6E263}.Release|Any CPU.ActiveCfg = Release|Any CPU
		{52F97013-BA6B-A4BF-69D1-762869B6E263}.Release|Any CPU.Build.0 = Release|Any CPU
		{B1B0AC08-7053-CF18-B533-36C79CA47197}.Debug|Any CPU.ActiveCfg = Debug|Any CPU
		{B1B0AC08-7053-CF18-B533-36C79CA47197}.Debug|Any CPU.Build.0 = Debug|Any CPU
		{B1B0AC08-7053-CF18-B533-36C79CA47197}.Release|Any CPU.ActiveCfg = Release|Any CPU
		{B1B0AC08-7053-CF18-B533-36C79CA47197}.Release|Any CPU.Build.0 = Release|Any CPU
		{8F76C02F-4AE7-5DAF-60D1-89113A08B4D9}.Debug|Any CPU.ActiveCfg = Debug|Any CPU
		{8F76C02F-4AE7-5DAF-60D1-89113A08B4D9}.Debug|Any CPU.Build.0 = Debug|Any CPU
		{8F76C02F-4AE7-5DAF-60D1-89113A08B4D9}.Release|Any CPU.ActiveCfg = Release|Any CPU
		{8F76C02F-4AE7-5DAF-60D1-89113A08B4D9}.Release|Any CPU.Build.0 = Release|Any CPU
		{1ED2B707-90CE-4FF5-B5D1-51A3F9BFC4E5}.Debug|Any CPU.ActiveCfg = Debug|Any CPU
		{1ED2B707-90CE-4FF5-B5D1-51A3F9BFC4E5}.Debug|Any CPU.Build.0 = Debug|Any CPU
		{1ED2B707-90CE-4FF5-B5D1-51A3F9BFC4E5}.Release|Any CPU.ActiveCfg = Release|Any CPU
		{1ED2B707-90CE-4FF5-B5D1-51A3F9BFC4E5}.Release|Any CPU.Build.0 = Release|Any CPU
		{6051351A-AC2C-69B6-E337-903057D0D3BC}.Debug|Any CPU.ActiveCfg = Debug|Any CPU
		{6051351A-AC2C-69B6-E337-903057D0D3BC}.Debug|Any CPU.Build.0 = Debug|Any CPU
		{6051351A-AC2C-69B6-E337-903057D0D3BC}.Release|Any CPU.ActiveCfg = Release|Any CPU
		{6051351A-AC2C-69B6-E337-903057D0D3BC}.Release|Any CPU.Build.0 = Release|Any CPU
		{D666876F-0C55-580D-62E8-C3622AD8F741}.Debug|Any CPU.ActiveCfg = Debug|Any CPU
		{D666876F-0C55-580D-62E8-C3622AD8F741}.Debug|Any CPU.Build.0 = Debug|Any CPU
		{D666876F-0C55-580D-62E8-C3622AD8F741}.Release|Any CPU.ActiveCfg = Release|Any CPU
		{D666876F-0C55-580D-62E8-C3622AD8F741}.Release|Any CPU.Build.0 = Release|Any CPU
		{B0F005F4-2CD5-1552-F40D-E180ED7A3983}.Debug|Any CPU.ActiveCfg = Debug|Any CPU
		{B0F005F4-2CD5-1552-F40D-E180ED7A3983}.Debug|Any CPU.Build.0 = Debug|Any CPU
		{B0F005F4-2CD5-1552-F40D-E180ED7A3983}.Release|Any CPU.ActiveCfg = Release|Any CPU
		{B0F005F4-2CD5-1552-F40D-E180ED7A3983}.Release|Any CPU.Build.0 = Release|Any CPU
		{BAE03624-B237-3B79-7F00-696A9A3D8994}.Debug|Any CPU.ActiveCfg = Debug|Any CPU
		{BAE03624-B237-3B79-7F00-696A9A3D8994}.Debug|Any CPU.Build.0 = Debug|Any CPU
		{BAE03624-B237-3B79-7F00-696A9A3D8994}.Release|Any CPU.ActiveCfg = Release|Any CPU
		{BAE03624-B237-3B79-7F00-696A9A3D8994}.Release|Any CPU.Build.0 = Release|Any CPU
		{D3D7C16C-0FF7-5D94-EA4A-196F82A6005E}.Debug|Any CPU.ActiveCfg = Debug|Any CPU
		{D3D7C16C-0FF7-5D94-EA4A-196F82A6005E}.Debug|Any CPU.Build.0 = Debug|Any CPU
		{D3D7C16C-0FF7-5D94-EA4A-196F82A6005E}.Release|Any CPU.ActiveCfg = Release|Any CPU
		{D3D7C16C-0FF7-5D94-EA4A-196F82A6005E}.Release|Any CPU.Build.0 = Release|Any CPU
		{8829C790-556F-ED44-3275-C42E4A6A4D7F}.Debug|Any CPU.ActiveCfg = Debug|Any CPU
		{8829C790-556F-ED44-3275-C42E4A6A4D7F}.Debug|Any CPU.Build.0 = Debug|Any CPU
		{8829C790-556F-ED44-3275-C42E4A6A4D7F}.Release|Any CPU.ActiveCfg = Release|Any CPU
		{8829C790-556F-ED44-3275-C42E4A6A4D7F}.Release|Any CPU.Build.0 = Release|Any CPU
		{C019A418-9442-D0E4-B5D3-130A8469D75B}.Debug|Any CPU.ActiveCfg = Debug|Any CPU
		{C019A418-9442-D0E4-B5D3-130A8469D75B}.Debug|Any CPU.Build.0 = Debug|Any CPU
		{C019A418-9442-D0E4-B5D3-130A8469D75B}.Release|Any CPU.ActiveCfg = Release|Any CPU
		{C019A418-9442-D0E4-B5D3-130A8469D75B}.Release|Any CPU.Build.0 = Release|Any CPU
		{C2F2D1F2-DD5A-0C40-23FC-35A610AE3E64}.Debug|Any CPU.ActiveCfg = Debug|Any CPU
		{C2F2D1F2-DD5A-0C40-23FC-35A610AE3E64}.Debug|Any CPU.Build.0 = Debug|Any CPU
		{C2F2D1F2-DD5A-0C40-23FC-35A610AE3E64}.Release|Any CPU.ActiveCfg = Release|Any CPU
		{C2F2D1F2-DD5A-0C40-23FC-35A610AE3E64}.Release|Any CPU.Build.0 = Release|Any CPU
		{B380617C-9A4A-9711-E9EC-0FAE89E66FA2}.Debug|Any CPU.ActiveCfg = Debug|Any CPU
		{B380617C-9A4A-9711-E9EC-0FAE89E66FA2}.Debug|Any CPU.Build.0 = Debug|Any CPU
		{B380617C-9A4A-9711-E9EC-0FAE89E66FA2}.Release|Any CPU.ActiveCfg = Release|Any CPU
		{B380617C-9A4A-9711-E9EC-0FAE89E66FA2}.Release|Any CPU.Build.0 = Release|Any CPU
		{AD29BC5B-05CF-2019-CEE4-3EBD0FD96E3B}.Debug|Any CPU.ActiveCfg = Debug|Any CPU
		{AD29BC5B-05CF-2019-CEE4-3EBD0FD96E3B}.Debug|Any CPU.Build.0 = Debug|Any CPU
		{AD29BC5B-05CF-2019-CEE4-3EBD0FD96E3B}.Release|Any CPU.ActiveCfg = Release|Any CPU
		{AD29BC5B-05CF-2019-CEE4-3EBD0FD96E3B}.Release|Any CPU.Build.0 = Release|Any CPU
		{48E0CAC7-2D6A-CE9C-7B4A-C38DEDCD86E4}.Debug|Any CPU.ActiveCfg = Debug|Any CPU
		{48E0CAC7-2D6A-CE9C-7B4A-C38DEDCD86E4}.Debug|Any CPU.Build.0 = Debug|Any CPU
		{48E0CAC7-2D6A-CE9C-7B4A-C38DEDCD86E4}.Release|Any CPU.ActiveCfg = Release|Any CPU
		{48E0CAC7-2D6A-CE9C-7B4A-C38DEDCD86E4}.Release|Any CPU.Build.0 = Release|Any CPU
		{EFF6AF1E-38E7-F2F4-B6D5-0D9A128D0FDA}.Debug|Any CPU.ActiveCfg = Debug|Any CPU
		{EFF6AF1E-38E7-F2F4-B6D5-0D9A128D0FDA}.Debug|Any CPU.Build.0 = Debug|Any CPU
		{EFF6AF1E-38E7-F2F4-B6D5-0D9A128D0FDA}.Release|Any CPU.ActiveCfg = Release|Any CPU
		{EFF6AF1E-38E7-F2F4-B6D5-0D9A128D0FDA}.Release|Any CPU.Build.0 = Release|Any CPU
		{13775ED2-1AC5-825F-1ECF-1CDD604C86C2}.Debug|Any CPU.ActiveCfg = Debug|Any CPU
		{13775ED2-1AC5-825F-1ECF-1CDD604C86C2}.Debug|Any CPU.Build.0 = Debug|Any CPU
		{13775ED2-1AC5-825F-1ECF-1CDD604C86C2}.Release|Any CPU.ActiveCfg = Release|Any CPU
		{13775ED2-1AC5-825F-1ECF-1CDD604C86C2}.Release|Any CPU.Build.0 = Release|Any CPU
		{1CC24A36-D571-B43E-CF81-A22F3768AEDB}.Debug|Any CPU.ActiveCfg = Debug|Any CPU
		{1CC24A36-D571-B43E-CF81-A22F3768AEDB}.Debug|Any CPU.Build.0 = Debug|Any CPU
		{1CC24A36-D571-B43E-CF81-A22F3768AEDB}.Release|Any CPU.ActiveCfg = Release|Any CPU
		{1CC24A36-D571-B43E-CF81-A22F3768AEDB}.Release|Any CPU.Build.0 = Release|Any CPU
		{85BD5504-7833-0BBE-39DB-E4FBA981ADA9}.Debug|Any CPU.ActiveCfg = Debug|Any CPU
		{85BD5504-7833-0BBE-39DB-E4FBA981ADA9}.Debug|Any CPU.Build.0 = Debug|Any CPU
		{85BD5504-7833-0BBE-39DB-E4FBA981ADA9}.Release|Any CPU.ActiveCfg = Release|Any CPU
		{85BD5504-7833-0BBE-39DB-E4FBA981ADA9}.Release|Any CPU.Build.0 = Release|Any CPU
		{89D53C3A-BF87-E2D1-869C-E38D861736DA}.Debug|Any CPU.ActiveCfg = Debug|Any CPU
		{89D53C3A-BF87-E2D1-869C-E38D861736DA}.Debug|Any CPU.Build.0 = Debug|Any CPU
		{89D53C3A-BF87-E2D1-869C-E38D861736DA}.Release|Any CPU.ActiveCfg = Release|Any CPU
		{89D53C3A-BF87-E2D1-869C-E38D861736DA}.Release|Any CPU.Build.0 = Release|Any CPU
		{5319EE17-7BC7-6DB0-86AF-2759226C7723}.Debug|Any CPU.ActiveCfg = Debug|Any CPU
		{5319EE17-7BC7-6DB0-86AF-2759226C7723}.Debug|Any CPU.Build.0 = Debug|Any CPU
		{5319EE17-7BC7-6DB0-86AF-2759226C7723}.Release|Any CPU.ActiveCfg = Release|Any CPU
		{5319EE17-7BC7-6DB0-86AF-2759226C7723}.Release|Any CPU.Build.0 = Release|Any CPU
		{BB076408-D6FC-2451-9C00-726BD641F7CA}.Debug|Any CPU.ActiveCfg = Debug|Any CPU
		{BB076408-D6FC-2451-9C00-726BD641F7CA}.Debug|Any CPU.Build.0 = Debug|Any CPU
		{BB076408-D6FC-2451-9C00-726BD641F7CA}.Release|Any CPU.ActiveCfg = Release|Any CPU
		{BB076408-D6FC-2451-9C00-726BD641F7CA}.Release|Any CPU.Build.0 = Release|Any CPU
		{3B06D2FD-D653-0C2D-B6D5-D7B672C33892}.Debug|Any CPU.ActiveCfg = Debug|Any CPU
		{3B06D2FD-D653-0C2D-B6D5-D7B672C33892}.Debug|Any CPU.Build.0 = Debug|Any CPU
		{3B06D2FD-D653-0C2D-B6D5-D7B672C33892}.Release|Any CPU.ActiveCfg = Release|Any CPU
		{3B06D2FD-D653-0C2D-B6D5-D7B672C33892}.Release|Any CPU.Build.0 = Release|Any CPU
		{1B6C6F82-19EA-CB6C-BB20-1A0E77787AEE}.Debug|Any CPU.ActiveCfg = Debug|Any CPU
		{1B6C6F82-19EA-CB6C-BB20-1A0E77787AEE}.Debug|Any CPU.Build.0 = Debug|Any CPU
		{1B6C6F82-19EA-CB6C-BB20-1A0E77787AEE}.Release|Any CPU.ActiveCfg = Release|Any CPU
		{1B6C6F82-19EA-CB6C-BB20-1A0E77787AEE}.Release|Any CPU.Build.0 = Release|Any CPU
		{6824C660-66C9-0E04-9404-99450513F300}.Debug|Any CPU.ActiveCfg = Debug|Any CPU
		{6824C660-66C9-0E04-9404-99450513F300}.Debug|Any CPU.Build.0 = Debug|Any CPU
		{6824C660-66C9-0E04-9404-99450513F300}.Release|Any CPU.ActiveCfg = Release|Any CPU
		{6824C660-66C9-0E04-9404-99450513F300}.Release|Any CPU.Build.0 = Release|Any CPU
		{FC3FA935-1CD9-896A-1EAD-9C9F534B6A63}.Debug|Any CPU.ActiveCfg = Debug|Any CPU
		{FC3FA935-1CD9-896A-1EAD-9C9F534B6A63}.Debug|Any CPU.Build.0 = Debug|Any CPU
		{FC3FA935-1CD9-896A-1EAD-9C9F534B6A63}.Release|Any CPU.ActiveCfg = Release|Any CPU
		{FC3FA935-1CD9-896A-1EAD-9C9F534B6A63}.Release|Any CPU.Build.0 = Release|Any CPU
		{C0F03798-1732-C4A5-7E10-8F16FDD1E5C0}.Debug|Any CPU.ActiveCfg = Debug|Any CPU
		{C0F03798-1732-C4A5-7E10-8F16FDD1E5C0}.Debug|Any CPU.Build.0 = Debug|Any CPU
		{C0F03798-1732-C4A5-7E10-8F16FDD1E5C0}.Release|Any CPU.ActiveCfg = Release|Any CPU
		{C0F03798-1732-C4A5-7E10-8F16FDD1E5C0}.Release|Any CPU.Build.0 = Release|Any CPU
		{4087420A-4594-9B8E-2D44-C97992BBD6DE}.Debug|Any CPU.ActiveCfg = Debug|Any CPU
		{4087420A-4594-9B8E-2D44-C97992BBD6DE}.Debug|Any CPU.Build.0 = Debug|Any CPU
		{4087420A-4594-9B8E-2D44-C97992BBD6DE}.Release|Any CPU.ActiveCfg = Release|Any CPU
		{4087420A-4594-9B8E-2D44-C97992BBD6DE}.Release|Any CPU.Build.0 = Release|Any CPU
		{E15C9A77-A73D-319F-C504-2A9607841C46}.Debug|Any CPU.ActiveCfg = Debug|Any CPU
		{E15C9A77-A73D-319F-C504-2A9607841C46}.Debug|Any CPU.Build.0 = Debug|Any CPU
		{E15C9A77-A73D-319F-C504-2A9607841C46}.Release|Any CPU.ActiveCfg = Release|Any CPU
		{E15C9A77-A73D-319F-C504-2A9607841C46}.Release|Any CPU.Build.0 = Release|Any CPU
		{3F6326F8-DA6A-2098-2CB2-CF85A4BC04EC}.Debug|Any CPU.ActiveCfg = Debug|Any CPU
		{3F6326F8-DA6A-2098-2CB2-CF85A4BC04EC}.Debug|Any CPU.Build.0 = Debug|Any CPU
		{3F6326F8-DA6A-2098-2CB2-CF85A4BC04EC}.Release|Any CPU.ActiveCfg = Release|Any CPU
		{3F6326F8-DA6A-2098-2CB2-CF85A4BC04EC}.Release|Any CPU.Build.0 = Release|Any CPU
		{18D0AE69-713D-9378-8A5F-E6812357F161}.Debug|Any CPU.ActiveCfg = Debug|Any CPU
		{18D0AE69-713D-9378-8A5F-E6812357F161}.Debug|Any CPU.Build.0 = Debug|Any CPU
		{18D0AE69-713D-9378-8A5F-E6812357F161}.Release|Any CPU.ActiveCfg = Release|Any CPU
		{18D0AE69-713D-9378-8A5F-E6812357F161}.Release|Any CPU.Build.0 = Release|Any CPU
		{3A82D01C-344E-F1C9-4281-D3AA8A05AAAB}.Debug|Any CPU.ActiveCfg = Debug|Any CPU
		{3A82D01C-344E-F1C9-4281-D3AA8A05AAAB}.Debug|Any CPU.Build.0 = Debug|Any CPU
		{3A82D01C-344E-F1C9-4281-D3AA8A05AAAB}.Release|Any CPU.ActiveCfg = Release|Any CPU
		{3A82D01C-344E-F1C9-4281-D3AA8A05AAAB}.Release|Any CPU.Build.0 = Release|Any CPU
		{BE6C3D79-DBE6-E18D-242A-317B02DCDC1B}.Debug|Any CPU.ActiveCfg = Debug|Any CPU
		{BE6C3D79-DBE6-E18D-242A-317B02DCDC1B}.Debug|Any CPU.Build.0 = Debug|Any CPU
		{BE6C3D79-DBE6-E18D-242A-317B02DCDC1B}.Release|Any CPU.ActiveCfg = Release|Any CPU
		{BE6C3D79-DBE6-E18D-242A-317B02DCDC1B}.Release|Any CPU.Build.0 = Release|Any CPU
		{8196AE8F-7D2F-C5AD-6333-846DA5161BAE}.Debug|Any CPU.ActiveCfg = Debug|Any CPU
		{8196AE8F-7D2F-C5AD-6333-846DA5161BAE}.Debug|Any CPU.Build.0 = Debug|Any CPU
		{8196AE8F-7D2F-C5AD-6333-846DA5161BAE}.Release|Any CPU.ActiveCfg = Release|Any CPU
		{8196AE8F-7D2F-C5AD-6333-846DA5161BAE}.Release|Any CPU.Build.0 = Release|Any CPU
		{C0F2843C-5B75-2E32-CEF8-730D72A4199D}.Debug|Any CPU.ActiveCfg = Debug|Any CPU
		{C0F2843C-5B75-2E32-CEF8-730D72A4199D}.Debug|Any CPU.Build.0 = Debug|Any CPU
		{C0F2843C-5B75-2E32-CEF8-730D72A4199D}.Release|Any CPU.ActiveCfg = Release|Any CPU
		{C0F2843C-5B75-2E32-CEF8-730D72A4199D}.Release|Any CPU.Build.0 = Release|Any CPU
		{BA700687-8166-D579-A483-7D962F4EDE60}.Debug|Any CPU.ActiveCfg = Debug|Any CPU
		{BA700687-8166-D579-A483-7D962F4EDE60}.Debug|Any CPU.Build.0 = Debug|Any CPU
		{BA700687-8166-D579-A483-7D962F4EDE60}.Release|Any CPU.ActiveCfg = Release|Any CPU
		{BA700687-8166-D579-A483-7D962F4EDE60}.Release|Any CPU.Build.0 = Release|Any CPU
		{923A515D-B41C-9533-D427-B349FC5A199E}.Debug|Any CPU.ActiveCfg = Debug|Any CPU
		{923A515D-B41C-9533-D427-B349FC5A199E}.Debug|Any CPU.Build.0 = Debug|Any CPU
		{923A515D-B41C-9533-D427-B349FC5A199E}.Release|Any CPU.ActiveCfg = Release|Any CPU
		{923A515D-B41C-9533-D427-B349FC5A199E}.Release|Any CPU.Build.0 = Release|Any CPU
		{474CF363-4CE3-59BD-F6D2-D12E75CB4D33}.Debug|Any CPU.ActiveCfg = Debug|Any CPU
		{474CF363-4CE3-59BD-F6D2-D12E75CB4D33}.Debug|Any CPU.Build.0 = Debug|Any CPU
		{474CF363-4CE3-59BD-F6D2-D12E75CB4D33}.Release|Any CPU.ActiveCfg = Release|Any CPU
		{474CF363-4CE3-59BD-F6D2-D12E75CB4D33}.Release|Any CPU.Build.0 = Release|Any CPU
		{0C5BB7DA-378F-6BDC-9AF0-3E454971CD33}.Debug|Any CPU.ActiveCfg = Debug|Any CPU
		{0C5BB7DA-378F-6BDC-9AF0-3E454971CD33}.Debug|Any CPU.Build.0 = Debug|Any CPU
		{0C5BB7DA-378F-6BDC-9AF0-3E454971CD33}.Release|Any CPU.ActiveCfg = Release|Any CPU
		{0C5BB7DA-378F-6BDC-9AF0-3E454971CD33}.Release|Any CPU.Build.0 = Release|Any CPU
		{9EBAA638-7BFF-2D88-9A78-B8249E80693E}.Debug|Any CPU.ActiveCfg = Debug|Any CPU
		{9EBAA638-7BFF-2D88-9A78-B8249E80693E}.Debug|Any CPU.Build.0 = Debug|Any CPU
		{9EBAA638-7BFF-2D88-9A78-B8249E80693E}.Release|Any CPU.ActiveCfg = Release|Any CPU
		{9EBAA638-7BFF-2D88-9A78-B8249E80693E}.Release|Any CPU.Build.0 = Release|Any CPU
		{377BC4CF-A919-C96C-E380-73CF62D266DB}.Debug|Any CPU.ActiveCfg = Debug|Any CPU
		{377BC4CF-A919-C96C-E380-73CF62D266DB}.Debug|Any CPU.Build.0 = Debug|Any CPU
		{377BC4CF-A919-C96C-E380-73CF62D266DB}.Release|Any CPU.ActiveCfg = Release|Any CPU
		{377BC4CF-A919-C96C-E380-73CF62D266DB}.Release|Any CPU.Build.0 = Release|Any CPU
		{AC46B7AC-A4E2-6AA5-B360-3845F872BB37}.Debug|Any CPU.ActiveCfg = Debug|Any CPU
		{AC46B7AC-A4E2-6AA5-B360-3845F872BB37}.Debug|Any CPU.Build.0 = Debug|Any CPU
		{AC46B7AC-A4E2-6AA5-B360-3845F872BB37}.Release|Any CPU.ActiveCfg = Release|Any CPU
		{AC46B7AC-A4E2-6AA5-B360-3845F872BB37}.Release|Any CPU.Build.0 = Release|Any CPU
		{B08C1B32-0621-D5A8-5D1C-1EAA90A59702}.Debug|Any CPU.ActiveCfg = Debug|Any CPU
		{B08C1B32-0621-D5A8-5D1C-1EAA90A59702}.Debug|Any CPU.Build.0 = Debug|Any CPU
		{B08C1B32-0621-D5A8-5D1C-1EAA90A59702}.Release|Any CPU.ActiveCfg = Release|Any CPU
		{B08C1B32-0621-D5A8-5D1C-1EAA90A59702}.Release|Any CPU.Build.0 = Release|Any CPU
		{A2121220-FE8B-67D0-37D2-CB2193187B52}.Debug|Any CPU.ActiveCfg = Debug|Any CPU
		{A2121220-FE8B-67D0-37D2-CB2193187B52}.Debug|Any CPU.Build.0 = Debug|Any CPU
		{A2121220-FE8B-67D0-37D2-CB2193187B52}.Release|Any CPU.ActiveCfg = Release|Any CPU
		{A2121220-FE8B-67D0-37D2-CB2193187B52}.Release|Any CPU.Build.0 = Release|Any CPU
		{051B3B5E-8733-B676-D28E-B4CC9907CF4B}.Debug|Any CPU.ActiveCfg = Debug|Any CPU
		{051B3B5E-8733-B676-D28E-B4CC9907CF4B}.Debug|Any CPU.Build.0 = Debug|Any CPU
		{051B3B5E-8733-B676-D28E-B4CC9907CF4B}.Release|Any CPU.ActiveCfg = Release|Any CPU
		{051B3B5E-8733-B676-D28E-B4CC9907CF4B}.Release|Any CPU.Build.0 = Release|Any CPU
		{52CB7C46-1F49-2D02-C9C4-B521A463A106}.Debug|Any CPU.ActiveCfg = Debug|Any CPU
		{52CB7C46-1F49-2D02-C9C4-B521A463A106}.Debug|Any CPU.Build.0 = Debug|Any CPU
		{52CB7C46-1F49-2D02-C9C4-B521A463A106}.Release|Any CPU.ActiveCfg = Release|Any CPU
		{52CB7C46-1F49-2D02-C9C4-B521A463A106}.Release|Any CPU.Build.0 = Release|Any CPU
		{9727206B-ADD7-F2E5-ECDD-E830F1AF3954}.Debug|Any CPU.ActiveCfg = Debug|Any CPU
		{9727206B-ADD7-F2E5-ECDD-E830F1AF3954}.Debug|Any CPU.Build.0 = Debug|Any CPU
		{9727206B-ADD7-F2E5-ECDD-E830F1AF3954}.Release|Any CPU.ActiveCfg = Release|Any CPU
		{9727206B-ADD7-F2E5-ECDD-E830F1AF3954}.Release|Any CPU.Build.0 = Release|Any CPU
		{FC1F2FE4-83E6-260F-D52C-2FE2BFDE3AB2}.Debug|Any CPU.ActiveCfg = Debug|Any CPU
		{FC1F2FE4-83E6-260F-D52C-2FE2BFDE3AB2}.Debug|Any CPU.Build.0 = Debug|Any CPU
		{FC1F2FE4-83E6-260F-D52C-2FE2BFDE3AB2}.Release|Any CPU.ActiveCfg = Release|Any CPU
		{FC1F2FE4-83E6-260F-D52C-2FE2BFDE3AB2}.Release|Any CPU.Build.0 = Release|Any CPU
		{107AE432-06E2-60FB-783F-B2E1FF111A88}.Debug|Any CPU.ActiveCfg = Debug|Any CPU
		{107AE432-06E2-60FB-783F-B2E1FF111A88}.Debug|Any CPU.Build.0 = Debug|Any CPU
		{107AE432-06E2-60FB-783F-B2E1FF111A88}.Release|Any CPU.ActiveCfg = Release|Any CPU
		{107AE432-06E2-60FB-783F-B2E1FF111A88}.Release|Any CPU.Build.0 = Release|Any CPU
		{92556A36-4DE1-6F6E-6F82-EEBB817CA228}.Debug|Any CPU.ActiveCfg = Debug|Any CPU
		{92556A36-4DE1-6F6E-6F82-EEBB817CA228}.Debug|Any CPU.Build.0 = Debug|Any CPU
		{92556A36-4DE1-6F6E-6F82-EEBB817CA228}.Release|Any CPU.ActiveCfg = Release|Any CPU
		{92556A36-4DE1-6F6E-6F82-EEBB817CA228}.Release|Any CPU.Build.0 = Release|Any CPU
		{24F071D6-982C-8FC3-597F-F1B8DA7044AD}.Debug|Any CPU.ActiveCfg = Debug|Any CPU
		{24F071D6-982C-8FC3-597F-F1B8DA7044AD}.Debug|Any CPU.Build.0 = Debug|Any CPU
		{24F071D6-982C-8FC3-597F-F1B8DA7044AD}.Release|Any CPU.ActiveCfg = Release|Any CPU
		{24F071D6-982C-8FC3-597F-F1B8DA7044AD}.Release|Any CPU.Build.0 = Release|Any CPU
		{8E69C313-86FD-0A70-CAF9-DCCC72CC4576}.Debug|Any CPU.ActiveCfg = Debug|Any CPU
		{8E69C313-86FD-0A70-CAF9-DCCC72CC4576}.Debug|Any CPU.Build.0 = Debug|Any CPU
		{8E69C313-86FD-0A70-CAF9-DCCC72CC4576}.Release|Any CPU.ActiveCfg = Release|Any CPU
		{8E69C313-86FD-0A70-CAF9-DCCC72CC4576}.Release|Any CPU.Build.0 = Release|Any CPU
		{EAFFE9A9-085C-2260-61D0-C6B295604B81}.Debug|Any CPU.ActiveCfg = Debug|Any CPU
		{EAFFE9A9-085C-2260-61D0-C6B295604B81}.Debug|Any CPU.Build.0 = Debug|Any CPU
		{EAFFE9A9-085C-2260-61D0-C6B295604B81}.Release|Any CPU.ActiveCfg = Release|Any CPU
		{EAFFE9A9-085C-2260-61D0-C6B295604B81}.Release|Any CPU.Build.0 = Release|Any CPU
		{4186B23D-2AC5-4F3E-E731-0459D94D4471}.Debug|Any CPU.ActiveCfg = Debug|Any CPU
		{4186B23D-2AC5-4F3E-E731-0459D94D4471}.Debug|Any CPU.Build.0 = Debug|Any CPU
		{4186B23D-2AC5-4F3E-E731-0459D94D4471}.Release|Any CPU.ActiveCfg = Release|Any CPU
		{4186B23D-2AC5-4F3E-E731-0459D94D4471}.Release|Any CPU.Build.0 = Release|Any CPU
		{6E310F35-0BE3-49B1-4882-EDBB8CC99926}.Debug|Any CPU.ActiveCfg = Debug|Any CPU
		{6E310F35-0BE3-49B1-4882-EDBB8CC99926}.Debug|Any CPU.Build.0 = Debug|Any CPU
		{6E310F35-0BE3-49B1-4882-EDBB8CC99926}.Release|Any CPU.ActiveCfg = Release|Any CPU
		{6E310F35-0BE3-49B1-4882-EDBB8CC99926}.Release|Any CPU.Build.0 = Release|Any CPU
		{753D78E0-641B-B1D6-8676-DEC4E6AD4324}.Debug|Any CPU.ActiveCfg = Debug|Any CPU
		{753D78E0-641B-B1D6-8676-DEC4E6AD4324}.Debug|Any CPU.Build.0 = Debug|Any CPU
		{753D78E0-641B-B1D6-8676-DEC4E6AD4324}.Release|Any CPU.ActiveCfg = Release|Any CPU
		{753D78E0-641B-B1D6-8676-DEC4E6AD4324}.Release|Any CPU.Build.0 = Release|Any CPU
		{F8D3D5F7-7DE4-848D-17A2-A5613481A92E}.Debug|Any CPU.ActiveCfg = Debug|Any CPU
		{F8D3D5F7-7DE4-848D-17A2-A5613481A92E}.Debug|Any CPU.Build.0 = Debug|Any CPU
		{F8D3D5F7-7DE4-848D-17A2-A5613481A92E}.Release|Any CPU.ActiveCfg = Release|Any CPU
		{F8D3D5F7-7DE4-848D-17A2-A5613481A92E}.Release|Any CPU.Build.0 = Release|Any CPU
		{E70652BE-05D4-BDD3-A3AD-AA130FFBF6B0}.Debug|Any CPU.ActiveCfg = Debug|Any CPU
		{E70652BE-05D4-BDD3-A3AD-AA130FFBF6B0}.Debug|Any CPU.Build.0 = Debug|Any CPU
		{E70652BE-05D4-BDD3-A3AD-AA130FFBF6B0}.Release|Any CPU.ActiveCfg = Release|Any CPU
		{E70652BE-05D4-BDD3-A3AD-AA130FFBF6B0}.Release|Any CPU.Build.0 = Release|Any CPU
		{D33C6A98-4173-C042-F045-FDED16C847E4}.Debug|Any CPU.ActiveCfg = Debug|Any CPU
		{D33C6A98-4173-C042-F045-FDED16C847E4}.Debug|Any CPU.Build.0 = Debug|Any CPU
		{D33C6A98-4173-C042-F045-FDED16C847E4}.Release|Any CPU.ActiveCfg = Release|Any CPU
		{D33C6A98-4173-C042-F045-FDED16C847E4}.Release|Any CPU.Build.0 = Release|Any CPU
		{DAE02B4E-69C2-FD20-11A0-5B944380ECF0}.Debug|Any CPU.ActiveCfg = Debug|Any CPU
		{DAE02B4E-69C2-FD20-11A0-5B944380ECF0}.Debug|Any CPU.Build.0 = Debug|Any CPU
		{DAE02B4E-69C2-FD20-11A0-5B944380ECF0}.Release|Any CPU.ActiveCfg = Release|Any CPU
		{DAE02B4E-69C2-FD20-11A0-5B944380ECF0}.Release|Any CPU.Build.0 = Release|Any CPU
		{27CFD2C7-1E00-741C-6D0E-6ADEEE302E32}.Debug|Any CPU.ActiveCfg = Debug|Any CPU
		{27CFD2C7-1E00-741C-6D0E-6ADEEE302E32}.Debug|Any CPU.Build.0 = Debug|Any CPU
		{27CFD2C7-1E00-741C-6D0E-6ADEEE302E32}.Release|Any CPU.ActiveCfg = Release|Any CPU
		{27CFD2C7-1E00-741C-6D0E-6ADEEE302E32}.Release|Any CPU.Build.0 = Release|Any CPU
		{9B549D3B-AFAA-0D07-0579-02887D1AA1C4}.Debug|Any CPU.ActiveCfg = Debug|Any CPU
		{9B549D3B-AFAA-0D07-0579-02887D1AA1C4}.Debug|Any CPU.Build.0 = Debug|Any CPU
		{9B549D3B-AFAA-0D07-0579-02887D1AA1C4}.Release|Any CPU.ActiveCfg = Release|Any CPU
		{9B549D3B-AFAA-0D07-0579-02887D1AA1C4}.Release|Any CPU.Build.0 = Release|Any CPU
		{7A613A2A-1BF9-E047-71FE-10B880426446}.Debug|Any CPU.ActiveCfg = Debug|Any CPU
		{7A613A2A-1BF9-E047-71FE-10B880426446}.Debug|Any CPU.Build.0 = Debug|Any CPU
		{7A613A2A-1BF9-E047-71FE-10B880426446}.Release|Any CPU.ActiveCfg = Release|Any CPU
		{7A613A2A-1BF9-E047-71FE-10B880426446}.Release|Any CPU.Build.0 = Release|Any CPU
		{E38BABC5-F6D8-2261-95AC-A0950F1A98E7}.Debug|Any CPU.ActiveCfg = Debug|Any CPU
		{E38BABC5-F6D8-2261-95AC-A0950F1A98E7}.Debug|Any CPU.Build.0 = Debug|Any CPU
		{E38BABC5-F6D8-2261-95AC-A0950F1A98E7}.Release|Any CPU.ActiveCfg = Release|Any CPU
		{E38BABC5-F6D8-2261-95AC-A0950F1A98E7}.Release|Any CPU.Build.0 = Release|Any CPU
		{3A8F6654-2BAE-CF6E-0EA9-20CB59D50CCB}.Debug|Any CPU.ActiveCfg = Debug|Any CPU
		{3A8F6654-2BAE-CF6E-0EA9-20CB59D50CCB}.Debug|Any CPU.Build.0 = Debug|Any CPU
		{3A8F6654-2BAE-CF6E-0EA9-20CB59D50CCB}.Release|Any CPU.ActiveCfg = Release|Any CPU
		{3A8F6654-2BAE-CF6E-0EA9-20CB59D50CCB}.Release|Any CPU.Build.0 = Release|Any CPU
		{C6DB97A5-185B-DF20-98A3-1626EFD4D678}.Debug|Any CPU.ActiveCfg = Debug|Any CPU
		{C6DB97A5-185B-DF20-98A3-1626EFD4D678}.Debug|Any CPU.Build.0 = Debug|Any CPU
		{C6DB97A5-185B-DF20-98A3-1626EFD4D678}.Release|Any CPU.ActiveCfg = Release|Any CPU
		{C6DB97A5-185B-DF20-98A3-1626EFD4D678}.Release|Any CPU.Build.0 = Release|Any CPU
		{5F52EE01-DCB2-6EF8-E222-49CDFA5FD7CA}.Debug|Any CPU.ActiveCfg = Debug|Any CPU
		{5F52EE01-DCB2-6EF8-E222-49CDFA5FD7CA}.Debug|Any CPU.Build.0 = Debug|Any CPU
		{5F52EE01-DCB2-6EF8-E222-49CDFA5FD7CA}.Release|Any CPU.ActiveCfg = Release|Any CPU
		{5F52EE01-DCB2-6EF8-E222-49CDFA5FD7CA}.Release|Any CPU.Build.0 = Release|Any CPU
		{EC6BC64F-6BDF-3690-4842-11DE1A911CF1}.Debug|Any CPU.ActiveCfg = Debug|Any CPU
		{EC6BC64F-6BDF-3690-4842-11DE1A911CF1}.Debug|Any CPU.Build.0 = Debug|Any CPU
		{EC6BC64F-6BDF-3690-4842-11DE1A911CF1}.Release|Any CPU.ActiveCfg = Release|Any CPU
		{EC6BC64F-6BDF-3690-4842-11DE1A911CF1}.Release|Any CPU.Build.0 = Release|Any CPU
		{C6441900-6FCB-5191-C655-ADA695B76C53}.Debug|Any CPU.ActiveCfg = Debug|Any CPU
		{C6441900-6FCB-5191-C655-ADA695B76C53}.Debug|Any CPU.Build.0 = Debug|Any CPU
		{C6441900-6FCB-5191-C655-ADA695B76C53}.Release|Any CPU.ActiveCfg = Release|Any CPU
		{C6441900-6FCB-5191-C655-ADA695B76C53}.Release|Any CPU.Build.0 = Release|Any CPU
		{2E692235-3FFD-F954-E8C9-50C2C88AFA43}.Debug|Any CPU.ActiveCfg = Debug|Any CPU
		{2E692235-3FFD-F954-E8C9-50C2C88AFA43}.Debug|Any CPU.Build.0 = Debug|Any CPU
		{2E692235-3FFD-F954-E8C9-50C2C88AFA43}.Release|Any CPU.ActiveCfg = Release|Any CPU
		{2E692235-3FFD-F954-E8C9-50C2C88AFA43}.Release|Any CPU.Build.0 = Release|Any CPU
		{E16B36DA-B887-1C9F-835F-6752C752DB1D}.Debug|Any CPU.ActiveCfg = Debug|Any CPU
		{E16B36DA-B887-1C9F-835F-6752C752DB1D}.Debug|Any CPU.Build.0 = Debug|Any CPU
		{E16B36DA-B887-1C9F-835F-6752C752DB1D}.Release|Any CPU.ActiveCfg = Release|Any CPU
		{E16B36DA-B887-1C9F-835F-6752C752DB1D}.Release|Any CPU.Build.0 = Release|Any CPU
		{BCD1BE2A-4A41-D05E-5BD4-20276A425AA7}.Debug|Any CPU.ActiveCfg = Debug|Any CPU
		{BCD1BE2A-4A41-D05E-5BD4-20276A425AA7}.Debug|Any CPU.Build.0 = Debug|Any CPU
		{BCD1BE2A-4A41-D05E-5BD4-20276A425AA7}.Release|Any CPU.ActiveCfg = Release|Any CPU
		{BCD1BE2A-4A41-D05E-5BD4-20276A425AA7}.Release|Any CPU.Build.0 = Release|Any CPU
		{C2874443-EC7B-8378-7041-49822AD573A7}.Debug|Any CPU.ActiveCfg = Debug|Any CPU
		{C2874443-EC7B-8378-7041-49822AD573A7}.Debug|Any CPU.Build.0 = Debug|Any CPU
		{C2874443-EC7B-8378-7041-49822AD573A7}.Release|Any CPU.ActiveCfg = Release|Any CPU
		{C2874443-EC7B-8378-7041-49822AD573A7}.Release|Any CPU.Build.0 = Release|Any CPU
		{E8BDE142-89C0-0B98-13F5-4A59D4FD8821}.Debug|Any CPU.ActiveCfg = Debug|Any CPU
		{E8BDE142-89C0-0B98-13F5-4A59D4FD8821}.Debug|Any CPU.Build.0 = Debug|Any CPU
		{E8BDE142-89C0-0B98-13F5-4A59D4FD8821}.Release|Any CPU.ActiveCfg = Release|Any CPU
		{E8BDE142-89C0-0B98-13F5-4A59D4FD8821}.Release|Any CPU.Build.0 = Release|Any CPU
		{911D8910-9D4B-EA31-C195-9C9A98151B38}.Debug|Any CPU.ActiveCfg = Debug|Any CPU
		{911D8910-9D4B-EA31-C195-9C9A98151B38}.Debug|Any CPU.Build.0 = Debug|Any CPU
		{911D8910-9D4B-EA31-C195-9C9A98151B38}.Release|Any CPU.ActiveCfg = Release|Any CPU
		{911D8910-9D4B-EA31-C195-9C9A98151B38}.Release|Any CPU.Build.0 = Release|Any CPU
		{ED2A308A-44D5-4F0F-4DC8-58EE0BF31C64}.Debug|Any CPU.ActiveCfg = Debug|Any CPU
		{ED2A308A-44D5-4F0F-4DC8-58EE0BF31C64}.Debug|Any CPU.Build.0 = Debug|Any CPU
		{ED2A308A-44D5-4F0F-4DC8-58EE0BF31C64}.Release|Any CPU.ActiveCfg = Release|Any CPU
		{ED2A308A-44D5-4F0F-4DC8-58EE0BF31C64}.Release|Any CPU.Build.0 = Release|Any CPU
		{414F257B-A6DC-063B-121E-78D1A13A61A7}.Debug|Any CPU.ActiveCfg = Debug|Any CPU
		{414F257B-A6DC-063B-121E-78D1A13A61A7}.Debug|Any CPU.Build.0 = Debug|Any CPU
		{414F257B-A6DC-063B-121E-78D1A13A61A7}.Release|Any CPU.ActiveCfg = Release|Any CPU
		{414F257B-A6DC-063B-121E-78D1A13A61A7}.Release|Any CPU.Build.0 = Release|Any CPU
		{A56E17DC-B50C-B168-C26C-25275F80EC70}.Debug|Any CPU.ActiveCfg = Debug|Any CPU
		{A56E17DC-B50C-B168-C26C-25275F80EC70}.Debug|Any CPU.Build.0 = Debug|Any CPU
		{A56E17DC-B50C-B168-C26C-25275F80EC70}.Release|Any CPU.ActiveCfg = Release|Any CPU
		{A56E17DC-B50C-B168-C26C-25275F80EC70}.Release|Any CPU.Build.0 = Release|Any CPU
		{34FAAA66-2AB8-B37F-5F44-F7DE69B18004}.Debug|Any CPU.ActiveCfg = Debug|Any CPU
		{34FAAA66-2AB8-B37F-5F44-F7DE69B18004}.Debug|Any CPU.Build.0 = Debug|Any CPU
		{34FAAA66-2AB8-B37F-5F44-F7DE69B18004}.Release|Any CPU.ActiveCfg = Release|Any CPU
		{34FAAA66-2AB8-B37F-5F44-F7DE69B18004}.Release|Any CPU.Build.0 = Release|Any CPU
		{5CB6E4A7-E94F-4D86-BE4E-ADDE48D8DE65}.Debug|Any CPU.ActiveCfg = Debug|Any CPU
		{5CB6E4A7-E94F-4D86-BE4E-ADDE48D8DE65}.Debug|Any CPU.Build.0 = Debug|Any CPU
		{5CB6E4A7-E94F-4D86-BE4E-ADDE48D8DE65}.Release|Any CPU.ActiveCfg = Release|Any CPU
		{5CB6E4A7-E94F-4D86-BE4E-ADDE48D8DE65}.Release|Any CPU.Build.0 = Release|Any CPU
		{FFCEE79A-BBE5-D12C-3D8C-F7143D16DA07}.Debug|Any CPU.ActiveCfg = Debug|Any CPU
		{FFCEE79A-BBE5-D12C-3D8C-F7143D16DA07}.Debug|Any CPU.Build.0 = Debug|Any CPU
		{FFCEE79A-BBE5-D12C-3D8C-F7143D16DA07}.Release|Any CPU.ActiveCfg = Release|Any CPU
		{FFCEE79A-BBE5-D12C-3D8C-F7143D16DA07}.Release|Any CPU.Build.0 = Release|Any CPU
		{DC4892EA-0DC8-853C-32FA-D69141D77199}.Debug|Any CPU.ActiveCfg = Debug|Any CPU
		{DC4892EA-0DC8-853C-32FA-D69141D77199}.Debug|Any CPU.Build.0 = Debug|Any CPU
		{DC4892EA-0DC8-853C-32FA-D69141D77199}.Release|Any CPU.ActiveCfg = Release|Any CPU
		{DC4892EA-0DC8-853C-32FA-D69141D77199}.Release|Any CPU.Build.0 = Release|Any CPU
		{BF2B5E61-C71F-71B5-DD75-05BE30BBED0E}.Debug|Any CPU.ActiveCfg = Debug|Any CPU
		{BF2B5E61-C71F-71B5-DD75-05BE30BBED0E}.Debug|Any CPU.Build.0 = Debug|Any CPU
		{BF2B5E61-C71F-71B5-DD75-05BE30BBED0E}.Release|Any CPU.ActiveCfg = Release|Any CPU
		{BF2B5E61-C71F-71B5-DD75-05BE30BBED0E}.Release|Any CPU.Build.0 = Release|Any CPU
		{F04D7464-5F9E-44A0-B723-7DB87AF4B083}.Debug|Any CPU.ActiveCfg = Debug|Any CPU
		{F04D7464-5F9E-44A0-B723-7DB87AF4B083}.Debug|Any CPU.Build.0 = Debug|Any CPU
		{F04D7464-5F9E-44A0-B723-7DB87AF4B083}.Release|Any CPU.ActiveCfg = Release|Any CPU
		{F04D7464-5F9E-44A0-B723-7DB87AF4B083}.Release|Any CPU.Build.0 = Release|Any CPU
		{300DADA2-449E-9695-D63A-ACE3280B9B33}.Debug|Any CPU.ActiveCfg = Debug|Any CPU
		{300DADA2-449E-9695-D63A-ACE3280B9B33}.Debug|Any CPU.Build.0 = Debug|Any CPU
		{300DADA2-449E-9695-D63A-ACE3280B9B33}.Release|Any CPU.ActiveCfg = Release|Any CPU
		{300DADA2-449E-9695-D63A-ACE3280B9B33}.Release|Any CPU.Build.0 = Release|Any CPU
		{7FD6E315-9E88-0073-1541-6B483BD90FE3}.Debug|Any CPU.ActiveCfg = Debug|Any CPU
		{7FD6E315-9E88-0073-1541-6B483BD90FE3}.Debug|Any CPU.Build.0 = Debug|Any CPU
		{7FD6E315-9E88-0073-1541-6B483BD90FE3}.Release|Any CPU.ActiveCfg = Release|Any CPU
		{7FD6E315-9E88-0073-1541-6B483BD90FE3}.Release|Any CPU.Build.0 = Release|Any CPU
		{5D502F59-4A12-68AA-882C-02D9906EBBF7}.Debug|Any CPU.ActiveCfg = Debug|Any CPU
		{5D502F59-4A12-68AA-882C-02D9906EBBF7}.Debug|Any CPU.Build.0 = Debug|Any CPU
		{5D502F59-4A12-68AA-882C-02D9906EBBF7}.Release|Any CPU.ActiveCfg = Release|Any CPU
		{5D502F59-4A12-68AA-882C-02D9906EBBF7}.Release|Any CPU.Build.0 = Release|Any CPU
		{64CCA0D2-A76E-A5BD-F482-16F4D2F1FBA6}.Debug|Any CPU.ActiveCfg = Debug|Any CPU
		{64CCA0D2-A76E-A5BD-F482-16F4D2F1FBA6}.Debug|Any CPU.Build.0 = Debug|Any CPU
		{64CCA0D2-A76E-A5BD-F482-16F4D2F1FBA6}.Release|Any CPU.ActiveCfg = Release|Any CPU
		{64CCA0D2-A76E-A5BD-F482-16F4D2F1FBA6}.Release|Any CPU.Build.0 = Release|Any CPU
		{30438432-775A-95C8-7D58-1F1383149441}.Debug|Any CPU.ActiveCfg = Debug|Any CPU
		{30438432-775A-95C8-7D58-1F1383149441}.Debug|Any CPU.Build.0 = Debug|Any CPU
		{30438432-775A-95C8-7D58-1F1383149441}.Release|Any CPU.ActiveCfg = Release|Any CPU
		{30438432-775A-95C8-7D58-1F1383149441}.Release|Any CPU.Build.0 = Release|Any CPU
		{0C37C141-93BC-AF00-5A20-2E0091EDC3D3}.Debug|Any CPU.ActiveCfg = Debug|Any CPU
		{0C37C141-93BC-AF00-5A20-2E0091EDC3D3}.Debug|Any CPU.Build.0 = Debug|Any CPU
		{0C37C141-93BC-AF00-5A20-2E0091EDC3D3}.Release|Any CPU.ActiveCfg = Release|Any CPU
		{0C37C141-93BC-AF00-5A20-2E0091EDC3D3}.Release|Any CPU.Build.0 = Release|Any CPU
		{D1A87A9C-CD2A-F036-9654-222548639A3E}.Debug|Any CPU.ActiveCfg = Debug|Any CPU
		{D1A87A9C-CD2A-F036-9654-222548639A3E}.Debug|Any CPU.Build.0 = Debug|Any CPU
		{D1A87A9C-CD2A-F036-9654-222548639A3E}.Release|Any CPU.ActiveCfg = Release|Any CPU
		{D1A87A9C-CD2A-F036-9654-222548639A3E}.Release|Any CPU.Build.0 = Release|Any CPU
		{0449C491-C52D-4A34-9BA6-B0965205EA6A}.Debug|Any CPU.ActiveCfg = Debug|Any CPU
		{0449C491-C52D-4A34-9BA6-B0965205EA6A}.Debug|Any CPU.Build.0 = Debug|Any CPU
		{0449C491-C52D-4A34-9BA6-B0965205EA6A}.Release|Any CPU.ActiveCfg = Release|Any CPU
		{0449C491-C52D-4A34-9BA6-B0965205EA6A}.Release|Any CPU.Build.0 = Release|Any CPU
		{82DB70F1-968B-C236-F44E-8BF6B205A62A}.Debug|Any CPU.ActiveCfg = Debug|Any CPU
		{82DB70F1-968B-C236-F44E-8BF6B205A62A}.Debug|Any CPU.Build.0 = Debug|Any CPU
		{82DB70F1-968B-C236-F44E-8BF6B205A62A}.Release|Any CPU.ActiveCfg = Release|Any CPU
		{82DB70F1-968B-C236-F44E-8BF6B205A62A}.Release|Any CPU.Build.0 = Release|Any CPU
		{783ADB9B-07CB-2C05-3542-6BE7BB18381E}.Debug|Any CPU.ActiveCfg = Debug|Any CPU
		{783ADB9B-07CB-2C05-3542-6BE7BB18381E}.Debug|Any CPU.Build.0 = Debug|Any CPU
		{783ADB9B-07CB-2C05-3542-6BE7BB18381E}.Release|Any CPU.ActiveCfg = Release|Any CPU
		{783ADB9B-07CB-2C05-3542-6BE7BB18381E}.Release|Any CPU.Build.0 = Release|Any CPU
		{BA392269-93D1-FC16-9C1D-40F1DD0630C4}.Debug|Any CPU.ActiveCfg = Debug|Any CPU
		{BA392269-93D1-FC16-9C1D-40F1DD0630C4}.Debug|Any CPU.Build.0 = Debug|Any CPU
		{BA392269-93D1-FC16-9C1D-40F1DD0630C4}.Release|Any CPU.ActiveCfg = Release|Any CPU
		{BA392269-93D1-FC16-9C1D-40F1DD0630C4}.Release|Any CPU.Build.0 = Release|Any CPU
		{3C4DE46F-2D40-DBD1-393C-8B75F1CE0C7E}.Debug|Any CPU.ActiveCfg = Debug|Any CPU
		{3C4DE46F-2D40-DBD1-393C-8B75F1CE0C7E}.Debug|Any CPU.Build.0 = Debug|Any CPU
		{3C4DE46F-2D40-DBD1-393C-8B75F1CE0C7E}.Release|Any CPU.ActiveCfg = Release|Any CPU
		{3C4DE46F-2D40-DBD1-393C-8B75F1CE0C7E}.Release|Any CPU.Build.0 = Release|Any CPU
		{24019E4D-E76D-787C-A0EC-5EFF0E4E822B}.Debug|Any CPU.ActiveCfg = Debug|Any CPU
		{24019E4D-E76D-787C-A0EC-5EFF0E4E822B}.Debug|Any CPU.Build.0 = Debug|Any CPU
		{24019E4D-E76D-787C-A0EC-5EFF0E4E822B}.Release|Any CPU.ActiveCfg = Release|Any CPU
		{24019E4D-E76D-787C-A0EC-5EFF0E4E822B}.Release|Any CPU.Build.0 = Release|Any CPU
		{F7EBA12F-BD49-980A-490B-B094003325BD}.Debug|Any CPU.ActiveCfg = Debug|Any CPU
		{F7EBA12F-BD49-980A-490B-B094003325BD}.Debug|Any CPU.Build.0 = Debug|Any CPU
		{F7EBA12F-BD49-980A-490B-B094003325BD}.Release|Any CPU.ActiveCfg = Release|Any CPU
		{F7EBA12F-BD49-980A-490B-B094003325BD}.Release|Any CPU.Build.0 = Release|Any CPU
		{E0CB2847-B934-4E66-CD80-1121B14D4F1F}.Debug|Any CPU.ActiveCfg = Debug|Any CPU
		{E0CB2847-B934-4E66-CD80-1121B14D4F1F}.Debug|Any CPU.Build.0 = Debug|Any CPU
		{E0CB2847-B934-4E66-CD80-1121B14D4F1F}.Release|Any CPU.ActiveCfg = Release|Any CPU
		{E0CB2847-B934-4E66-CD80-1121B14D4F1F}.Release|Any CPU.Build.0 = Release|Any CPU
		{BB74ABE8-4897-6ECE-AE59-E2751DC2165B}.Debug|Any CPU.ActiveCfg = Debug|Any CPU
		{BB74ABE8-4897-6ECE-AE59-E2751DC2165B}.Debug|Any CPU.Build.0 = Debug|Any CPU
		{BB74ABE8-4897-6ECE-AE59-E2751DC2165B}.Release|Any CPU.ActiveCfg = Release|Any CPU
		{BB74ABE8-4897-6ECE-AE59-E2751DC2165B}.Release|Any CPU.Build.0 = Release|Any CPU
		{67A7DFA3-D759-5A90-61E9-D9F10E54A3ED}.Debug|Any CPU.ActiveCfg = Debug|Any CPU
		{67A7DFA3-D759-5A90-61E9-D9F10E54A3ED}.Debug|Any CPU.Build.0 = Debug|Any CPU
		{67A7DFA3-D759-5A90-61E9-D9F10E54A3ED}.Release|Any CPU.ActiveCfg = Release|Any CPU
		{67A7DFA3-D759-5A90-61E9-D9F10E54A3ED}.Release|Any CPU.Build.0 = Release|Any CPU
		{FF292C07-025E-8782-978B-A6EEBAD94894}.Debug|Any CPU.ActiveCfg = Debug|Any CPU
		{FF292C07-025E-8782-978B-A6EEBAD94894}.Debug|Any CPU.Build.0 = Debug|Any CPU
		{FF292C07-025E-8782-978B-A6EEBAD94894}.Release|Any CPU.ActiveCfg = Release|Any CPU
		{FF292C07-025E-8782-978B-A6EEBAD94894}.Release|Any CPU.Build.0 = Release|Any CPU
		{CC2C5BD2-7DC8-EF2B-0A2E-43CC92DAB92D}.Debug|Any CPU.ActiveCfg = Debug|Any CPU
		{CC2C5BD2-7DC8-EF2B-0A2E-43CC92DAB92D}.Debug|Any CPU.Build.0 = Debug|Any CPU
		{CC2C5BD2-7DC8-EF2B-0A2E-43CC92DAB92D}.Release|Any CPU.ActiveCfg = Release|Any CPU
		{CC2C5BD2-7DC8-EF2B-0A2E-43CC92DAB92D}.Release|Any CPU.Build.0 = Release|Any CPU
		{FEF7F7B3-9BA9-6A69-8381-0A69E7D7823F}.Debug|Any CPU.ActiveCfg = Debug|Any CPU
		{FEF7F7B3-9BA9-6A69-8381-0A69E7D7823F}.Debug|Any CPU.Build.0 = Debug|Any CPU
		{FEF7F7B3-9BA9-6A69-8381-0A69E7D7823F}.Release|Any CPU.ActiveCfg = Release|Any CPU
		{FEF7F7B3-9BA9-6A69-8381-0A69E7D7823F}.Release|Any CPU.Build.0 = Release|Any CPU
		{7481AAA2-42CF-42AE-2DDD-896E7590F6F0}.Debug|Any CPU.ActiveCfg = Debug|Any CPU
		{7481AAA2-42CF-42AE-2DDD-896E7590F6F0}.Debug|Any CPU.Build.0 = Debug|Any CPU
		{7481AAA2-42CF-42AE-2DDD-896E7590F6F0}.Release|Any CPU.ActiveCfg = Release|Any CPU
		{7481AAA2-42CF-42AE-2DDD-896E7590F6F0}.Release|Any CPU.Build.0 = Release|Any CPU
		{F400FFEC-D4A6-586D-3CFD-947890E4C1FC}.Debug|Any CPU.ActiveCfg = Debug|Any CPU
		{F400FFEC-D4A6-586D-3CFD-947890E4C1FC}.Debug|Any CPU.Build.0 = Debug|Any CPU
		{F400FFEC-D4A6-586D-3CFD-947890E4C1FC}.Release|Any CPU.ActiveCfg = Release|Any CPU
		{F400FFEC-D4A6-586D-3CFD-947890E4C1FC}.Release|Any CPU.Build.0 = Release|Any CPU
		{0C493E76-A10B-5F48-BE01-F69E179EFF82}.Debug|Any CPU.ActiveCfg = Debug|Any CPU
		{0C493E76-A10B-5F48-BE01-F69E179EFF82}.Debug|Any CPU.Build.0 = Debug|Any CPU
		{0C493E76-A10B-5F48-BE01-F69E179EFF82}.Release|Any CPU.ActiveCfg = Release|Any CPU
		{0C493E76-A10B-5F48-BE01-F69E179EFF82}.Release|Any CPU.Build.0 = Release|Any CPU
		{08DA9377-5048-503C-618A-93148F565FB9}.Debug|Any CPU.ActiveCfg = Debug|Any CPU
		{08DA9377-5048-503C-618A-93148F565FB9}.Debug|Any CPU.Build.0 = Debug|Any CPU
		{08DA9377-5048-503C-618A-93148F565FB9}.Release|Any CPU.ActiveCfg = Release|Any CPU
		{08DA9377-5048-503C-618A-93148F565FB9}.Release|Any CPU.Build.0 = Release|Any CPU
		{A9A2D3C5-525C-D561-3865-00C2A00494E2}.Debug|Any CPU.ActiveCfg = Debug|Any CPU
		{A9A2D3C5-525C-D561-3865-00C2A00494E2}.Debug|Any CPU.Build.0 = Debug|Any CPU
		{A9A2D3C5-525C-D561-3865-00C2A00494E2}.Release|Any CPU.ActiveCfg = Release|Any CPU
		{A9A2D3C5-525C-D561-3865-00C2A00494E2}.Release|Any CPU.Build.0 = Release|Any CPU
	EndGlobalSection
	GlobalSection(SolutionProperties) = preSolution
		HideSolutionNode = FALSE
	EndGlobalSection
EndGlobal
